// !$*UTF8*$!
{
	archiveVersion = 1;
	classes = {
	};
	objectVersion = 46;
	objects = {

/* Begin PBXBuildFile section */
		134BC1D37C4A8D36EEEF40B5 /* Pods_SingleViewAppSwift2TemplateUITests.framework in Frameworks */ = {isa = PBXBuildFile; fileRef = CEE6574F4EA8684C81E8B369 /* Pods_SingleViewAppSwift2TemplateUITests.framework */; };
		4627640D5A2B837EFF0284C2 /* Pods_SingleViewAppSwift2Template.framework in Frameworks */ = {isa = PBXBuildFile; fileRef = C12625E5F1EDF5073163CF40 /* Pods_SingleViewAppSwift2Template.framework */; };
		8DC3C5B01D901AB50012AFF7 /* AppDelegate.swift in Sources */ = {isa = PBXBuildFile; fileRef = 8DC3C5AF1D901AB50012AFF7 /* AppDelegate.swift */; };
		8DC3C5B21D901AB50012AFF7 /* ViewController.swift in Sources */ = {isa = PBXBuildFile; fileRef = 8DC3C5B11D901AB50012AFF7 /* ViewController.swift */; };
		8DC3C5B51D901AB50012AFF7 /* Main.storyboard in Resources */ = {isa = PBXBuildFile; fileRef = 8DC3C5B31D901AB50012AFF7 /* Main.storyboard */; };
		8DC3C5B71D901AB50012AFF7 /* Assets.xcassets in Resources */ = {isa = PBXBuildFile; fileRef = 8DC3C5B61D901AB50012AFF7 /* Assets.xcassets */; };
		8DC3C5BA1D901AB50012AFF7 /* LaunchScreen.storyboard in Resources */ = {isa = PBXBuildFile; fileRef = 8DC3C5B81D901AB50012AFF7 /* LaunchScreen.storyboard */; };
		8DC3C5C51D901AB60012AFF7 /* SingleViewAppSwift2TemplateTests.swift in Sources */ = {isa = PBXBuildFile; fileRef = 8DC3C5C41D901AB60012AFF7 /* SingleViewAppSwift2TemplateTests.swift */; };
		8DC3C5D01D901AB60012AFF7 /* SingleViewAppSwift2TemplateUITests.swift in Sources */ = {isa = PBXBuildFile; fileRef = 8DC3C5CF1D901AB60012AFF7 /* SingleViewAppSwift2TemplateUITests.swift */; };
		DE6FC949210B3AEC00E0E79F /* Button.swift in Sources */ = {isa = PBXBuildFile; fileRef = DE6FC948210B3AEC00E0E79F /* Button.swift */; };
		DE701EB92112F1960076B354 /* Watcher.swift in Sources */ = {isa = PBXBuildFile; fileRef = DE701EB82112F1960076B354 /* Watcher.swift */; };
		DE701EBB211302C40076B354 /* VoteTableViewController.swift in Sources */ = {isa = PBXBuildFile; fileRef = DE701EBA211302C40076B354 /* VoteTableViewController.swift */; };
		DEA849242115EA2F00722E20 /* Movie.swift in Sources */ = {isa = PBXBuildFile; fileRef = DEA849232115EA2F00722E20 /* Movie.swift */; };
		DEA849262115F96300722E20 /* MoviesTableViewController.swift in Sources */ = {isa = PBXBuildFile; fileRef = DEA849252115F96300722E20 /* MoviesTableViewController.swift */; };
		DEA849282115F99100722E20 /* MoviesListDataSource.swift in Sources */ = {isa = PBXBuildFile; fileRef = DEA849272115F99100722E20 /* MoviesListDataSource.swift */; };
		DEA8492A2115FAB500722E20 /* MovieCell.swift in Sources */ = {isa = PBXBuildFile; fileRef = DEA849292115FAB500722E20 /* MovieCell.swift */; };
		DECA6B72210CC09200A9540D /* PeopleTableViewController.swift in Sources */ = {isa = PBXBuildFile; fileRef = DECA6B71210CC09200A9540D /* PeopleTableViewController.swift */; };
		DECA6B74210CC6BD00A9540D /* PeopleListDataSource.swift in Sources */ = {isa = PBXBuildFile; fileRef = DECA6B73210CC6BD00A9540D /* PeopleListDataSource.swift */; };
		DECA6B76210CC91700A9540D /* Person.swift in Sources */ = {isa = PBXBuildFile; fileRef = DECA6B75210CC91700A9540D /* Person.swift */; };
		DECA6B78210CCA8600A9540D /* PersonCell.swift in Sources */ = {isa = PBXBuildFile; fileRef = DECA6B77210CCA8600A9540D /* PersonCell.swift */; };
		DEDFDD66210C62B40016B7D3 /* GenresTableViewController.swift in Sources */ = {isa = PBXBuildFile; fileRef = DEDFDD65210C62B40016B7D3 /* GenresTableViewController.swift */; };
		DEDFDD6A210C676A0016B7D3 /* Genre.swift in Sources */ = {isa = PBXBuildFile; fileRef = DEDFDD69210C676A0016B7D3 /* Genre.swift */; };
		DEDFDD6D210C68B50016B7D3 /* GenresListDataSource.swift in Sources */ = {isa = PBXBuildFile; fileRef = DEDFDD6C210C68B50016B7D3 /* GenresListDataSource.swift */; };
		DEDFDD70210C69AF0016B7D3 /* GenreCell.swift in Sources */ = {isa = PBXBuildFile; fileRef = DEDFDD6F210C69AF0016B7D3 /* GenreCell.swift */; };
		DEDFDD76210C757E0016B7D3 /* Endpoint.swift in Sources */ = {isa = PBXBuildFile; fileRef = DEDFDD75210C757E0016B7D3 /* Endpoint.swift */; };
		DEDFDD79210C7A660016B7D3 /* Response.swift in Sources */ = {isa = PBXBuildFile; fileRef = DEDFDD78210C7A660016B7D3 /* Response.swift */; };
		DEDFDD7B210C8D200016B7D3 /* APIClient.swift in Sources */ = {isa = PBXBuildFile; fileRef = DEDFDD7A210C8D200016B7D3 /* APIClient.swift */; };
		DEDFDD7D210C8D3C0016B7D3 /* APIError.swift in Sources */ = {isa = PBXBuildFile; fileRef = DEDFDD7C210C8D3C0016B7D3 /* APIError.swift */; };
		DEDFDD7F210C8DAD0016B7D3 /* MovieDBAPIClient.swift in Sources */ = {isa = PBXBuildFile; fileRef = DEDFDD7E210C8DAD0016B7D3 /* MovieDBAPIClient.swift */; };
		FEAE02DDA931522B4FA6667B /* Pods_SingleViewAppSwift2TemplateTests.framework in Frameworks */ = {isa = PBXBuildFile; fileRef = 9CB540D96874A2D8BCFFF26B /* Pods_SingleViewAppSwift2TemplateTests.framework */; };
/* End PBXBuildFile section */

/* Begin PBXContainerItemProxy section */
		8DC3C5C11D901AB60012AFF7 /* PBXContainerItemProxy */ = {
			isa = PBXContainerItemProxy;
			containerPortal = 8DC3C5A41D901AB50012AFF7 /* Project object */;
			proxyType = 1;
			remoteGlobalIDString = 8DC3C5AB1D901AB50012AFF7;
			remoteInfo = SingleViewAppSwift2Template;
		};
		8DC3C5CC1D901AB60012AFF7 /* PBXContainerItemProxy */ = {
			isa = PBXContainerItemProxy;
			containerPortal = 8DC3C5A41D901AB50012AFF7 /* Project object */;
			proxyType = 1;
			remoteGlobalIDString = 8DC3C5AB1D901AB50012AFF7;
			remoteInfo = SingleViewAppSwift2Template;
		};
/* End PBXContainerItemProxy section */

/* Begin PBXFileReference section */
		28B7BF30455FA7BCE7900FF0 /* Pods-SingleViewAppSwift2Template.debug.xcconfig */ = {isa = PBXFileReference; includeInIndex = 1; lastKnownFileType = text.xcconfig; name = "Pods-SingleViewAppSwift2Template.debug.xcconfig"; path = "Pods/Target Support Files/Pods-SingleViewAppSwift2Template/Pods-SingleViewAppSwift2Template.debug.xcconfig"; sourceTree = "<group>"; };
		8DC3C5AC1D901AB50012AFF7 /* SingleViewAppSwift2Template.app */ = {isa = PBXFileReference; explicitFileType = wrapper.application; includeInIndex = 0; path = SingleViewAppSwift2Template.app; sourceTree = BUILT_PRODUCTS_DIR; };
		8DC3C5AF1D901AB50012AFF7 /* AppDelegate.swift */ = {isa = PBXFileReference; lastKnownFileType = sourcecode.swift; path = AppDelegate.swift; sourceTree = "<group>"; };
		8DC3C5B11D901AB50012AFF7 /* ViewController.swift */ = {isa = PBXFileReference; lastKnownFileType = sourcecode.swift; path = ViewController.swift; sourceTree = "<group>"; };
		8DC3C5B41D901AB50012AFF7 /* Base */ = {isa = PBXFileReference; lastKnownFileType = file.storyboard; name = Base; path = Base.lproj/Main.storyboard; sourceTree = "<group>"; };
		8DC3C5B61D901AB50012AFF7 /* Assets.xcassets */ = {isa = PBXFileReference; lastKnownFileType = folder.assetcatalog; path = Assets.xcassets; sourceTree = "<group>"; };
		8DC3C5B91D901AB50012AFF7 /* Base */ = {isa = PBXFileReference; lastKnownFileType = file.storyboard; name = Base; path = Base.lproj/LaunchScreen.storyboard; sourceTree = "<group>"; };
		8DC3C5BB1D901AB50012AFF7 /* Info.plist */ = {isa = PBXFileReference; lastKnownFileType = text.plist.xml; path = Info.plist; sourceTree = "<group>"; };
		8DC3C5C01D901AB60012AFF7 /* SingleViewAppSwift2TemplateTests.xctest */ = {isa = PBXFileReference; explicitFileType = wrapper.cfbundle; includeInIndex = 0; path = SingleViewAppSwift2TemplateTests.xctest; sourceTree = BUILT_PRODUCTS_DIR; };
		8DC3C5C41D901AB60012AFF7 /* SingleViewAppSwift2TemplateTests.swift */ = {isa = PBXFileReference; lastKnownFileType = sourcecode.swift; path = SingleViewAppSwift2TemplateTests.swift; sourceTree = "<group>"; };
		8DC3C5C61D901AB60012AFF7 /* Info.plist */ = {isa = PBXFileReference; lastKnownFileType = text.plist.xml; path = Info.plist; sourceTree = "<group>"; };
		8DC3C5CB1D901AB60012AFF7 /* SingleViewAppSwift2TemplateUITests.xctest */ = {isa = PBXFileReference; explicitFileType = wrapper.cfbundle; includeInIndex = 0; path = SingleViewAppSwift2TemplateUITests.xctest; sourceTree = BUILT_PRODUCTS_DIR; };
		8DC3C5CF1D901AB60012AFF7 /* SingleViewAppSwift2TemplateUITests.swift */ = {isa = PBXFileReference; lastKnownFileType = sourcecode.swift; path = SingleViewAppSwift2TemplateUITests.swift; sourceTree = "<group>"; };
		8DC3C5D11D901AB60012AFF7 /* Info.plist */ = {isa = PBXFileReference; lastKnownFileType = text.plist.xml; path = Info.plist; sourceTree = "<group>"; };
		9CB540D96874A2D8BCFFF26B /* Pods_SingleViewAppSwift2TemplateTests.framework */ = {isa = PBXFileReference; explicitFileType = wrapper.framework; includeInIndex = 0; path = Pods_SingleViewAppSwift2TemplateTests.framework; sourceTree = BUILT_PRODUCTS_DIR; };
		B04E753A8ECFDF76F4342FCA /* Pods-SingleViewAppSwift2TemplateUITests.debug.xcconfig */ = {isa = PBXFileReference; includeInIndex = 1; lastKnownFileType = text.xcconfig; name = "Pods-SingleViewAppSwift2TemplateUITests.debug.xcconfig"; path = "Pods/Target Support Files/Pods-SingleViewAppSwift2TemplateUITests/Pods-SingleViewAppSwift2TemplateUITests.debug.xcconfig"; sourceTree = "<group>"; };
		C12625E5F1EDF5073163CF40 /* Pods_SingleViewAppSwift2Template.framework */ = {isa = PBXFileReference; explicitFileType = wrapper.framework; includeInIndex = 0; path = Pods_SingleViewAppSwift2Template.framework; sourceTree = BUILT_PRODUCTS_DIR; };
		C48D2BB941CE4241ED213E4E /* Pods-SingleViewAppSwift2Template.release.xcconfig */ = {isa = PBXFileReference; includeInIndex = 1; lastKnownFileType = text.xcconfig; name = "Pods-SingleViewAppSwift2Template.release.xcconfig"; path = "Pods/Target Support Files/Pods-SingleViewAppSwift2Template/Pods-SingleViewAppSwift2Template.release.xcconfig"; sourceTree = "<group>"; };
		C78FC925C668B0881A686867 /* Pods-SingleViewAppSwift2TemplateUITests.release.xcconfig */ = {isa = PBXFileReference; includeInIndex = 1; lastKnownFileType = text.xcconfig; name = "Pods-SingleViewAppSwift2TemplateUITests.release.xcconfig"; path = "Pods/Target Support Files/Pods-SingleViewAppSwift2TemplateUITests/Pods-SingleViewAppSwift2TemplateUITests.release.xcconfig"; sourceTree = "<group>"; };
		CEE6574F4EA8684C81E8B369 /* Pods_SingleViewAppSwift2TemplateUITests.framework */ = {isa = PBXFileReference; explicitFileType = wrapper.framework; includeInIndex = 0; path = Pods_SingleViewAppSwift2TemplateUITests.framework; sourceTree = BUILT_PRODUCTS_DIR; };
		DA89F4EA3A1C845F284146D0 /* Pods-SingleViewAppSwift2TemplateTests.release.xcconfig */ = {isa = PBXFileReference; includeInIndex = 1; lastKnownFileType = text.xcconfig; name = "Pods-SingleViewAppSwift2TemplateTests.release.xcconfig"; path = "Pods/Target Support Files/Pods-SingleViewAppSwift2TemplateTests/Pods-SingleViewAppSwift2TemplateTests.release.xcconfig"; sourceTree = "<group>"; };
		DE6FC948210B3AEC00E0E79F /* Button.swift */ = {isa = PBXFileReference; lastKnownFileType = sourcecode.swift; path = Button.swift; sourceTree = "<group>"; };
		DE701EB82112F1960076B354 /* Watcher.swift */ = {isa = PBXFileReference; lastKnownFileType = sourcecode.swift; path = Watcher.swift; sourceTree = "<group>"; };
		DE701EBA211302C40076B354 /* VoteTableViewController.swift */ = {isa = PBXFileReference; lastKnownFileType = sourcecode.swift; path = VoteTableViewController.swift; sourceTree = "<group>"; };
		DEA849232115EA2F00722E20 /* Movie.swift */ = {isa = PBXFileReference; lastKnownFileType = sourcecode.swift; path = Movie.swift; sourceTree = "<group>"; };
		DEA849252115F96300722E20 /* MoviesTableViewController.swift */ = {isa = PBXFileReference; lastKnownFileType = sourcecode.swift; path = MoviesTableViewController.swift; sourceTree = "<group>"; };
		DEA849272115F99100722E20 /* MoviesListDataSource.swift */ = {isa = PBXFileReference; lastKnownFileType = sourcecode.swift; path = MoviesListDataSource.swift; sourceTree = "<group>"; };
		DEA849292115FAB500722E20 /* MovieCell.swift */ = {isa = PBXFileReference; lastKnownFileType = sourcecode.swift; path = MovieCell.swift; sourceTree = "<group>"; };
		DECA6B71210CC09200A9540D /* PeopleTableViewController.swift */ = {isa = PBXFileReference; lastKnownFileType = sourcecode.swift; path = PeopleTableViewController.swift; sourceTree = "<group>"; };
		DECA6B73210CC6BD00A9540D /* PeopleListDataSource.swift */ = {isa = PBXFileReference; lastKnownFileType = sourcecode.swift; path = PeopleListDataSource.swift; sourceTree = "<group>"; };
		DECA6B75210CC91700A9540D /* Person.swift */ = {isa = PBXFileReference; lastKnownFileType = sourcecode.swift; path = Person.swift; sourceTree = "<group>"; };
		DECA6B77210CCA8600A9540D /* PersonCell.swift */ = {isa = PBXFileReference; lastKnownFileType = sourcecode.swift; path = PersonCell.swift; sourceTree = "<group>"; };
		DEDFDD65210C62B40016B7D3 /* GenresTableViewController.swift */ = {isa = PBXFileReference; lastKnownFileType = sourcecode.swift; path = GenresTableViewController.swift; sourceTree = "<group>"; };
		DEDFDD69210C676A0016B7D3 /* Genre.swift */ = {isa = PBXFileReference; lastKnownFileType = sourcecode.swift; path = Genre.swift; sourceTree = "<group>"; };
		DEDFDD6C210C68B50016B7D3 /* GenresListDataSource.swift */ = {isa = PBXFileReference; lastKnownFileType = sourcecode.swift; path = GenresListDataSource.swift; sourceTree = "<group>"; };
		DEDFDD6F210C69AF0016B7D3 /* GenreCell.swift */ = {isa = PBXFileReference; lastKnownFileType = sourcecode.swift; path = GenreCell.swift; sourceTree = "<group>"; };
		DEDFDD75210C757E0016B7D3 /* Endpoint.swift */ = {isa = PBXFileReference; lastKnownFileType = sourcecode.swift; path = Endpoint.swift; sourceTree = "<group>"; };
		DEDFDD78210C7A660016B7D3 /* Response.swift */ = {isa = PBXFileReference; lastKnownFileType = sourcecode.swift; path = Response.swift; sourceTree = "<group>"; };
		DEDFDD7A210C8D200016B7D3 /* APIClient.swift */ = {isa = PBXFileReference; lastKnownFileType = sourcecode.swift; path = APIClient.swift; sourceTree = "<group>"; };
		DEDFDD7C210C8D3C0016B7D3 /* APIError.swift */ = {isa = PBXFileReference; lastKnownFileType = sourcecode.swift; path = APIError.swift; sourceTree = "<group>"; };
		DEDFDD7E210C8DAD0016B7D3 /* MovieDBAPIClient.swift */ = {isa = PBXFileReference; lastKnownFileType = sourcecode.swift; path = MovieDBAPIClient.swift; sourceTree = "<group>"; };
		E989A68500FDD7D7B133D42C /* Pods-SingleViewAppSwift2TemplateTests.debug.xcconfig */ = {isa = PBXFileReference; includeInIndex = 1; lastKnownFileType = text.xcconfig; name = "Pods-SingleViewAppSwift2TemplateTests.debug.xcconfig"; path = "Pods/Target Support Files/Pods-SingleViewAppSwift2TemplateTests/Pods-SingleViewAppSwift2TemplateTests.debug.xcconfig"; sourceTree = "<group>"; };
/* End PBXFileReference section */

/* Begin PBXFrameworksBuildPhase section */
		8DC3C5A91D901AB50012AFF7 /* Frameworks */ = {
			isa = PBXFrameworksBuildPhase;
			buildActionMask = 2147483647;
			files = (
				4627640D5A2B837EFF0284C2 /* Pods_SingleViewAppSwift2Template.framework in Frameworks */,
			);
			runOnlyForDeploymentPostprocessing = 0;
		};
		8DC3C5BD1D901AB60012AFF7 /* Frameworks */ = {
			isa = PBXFrameworksBuildPhase;
			buildActionMask = 2147483647;
			files = (
				FEAE02DDA931522B4FA6667B /* Pods_SingleViewAppSwift2TemplateTests.framework in Frameworks */,
			);
			runOnlyForDeploymentPostprocessing = 0;
		};
		8DC3C5C81D901AB60012AFF7 /* Frameworks */ = {
			isa = PBXFrameworksBuildPhase;
			buildActionMask = 2147483647;
			files = (
				134BC1D37C4A8D36EEEF40B5 /* Pods_SingleViewAppSwift2TemplateUITests.framework in Frameworks */,
			);
			runOnlyForDeploymentPostprocessing = 0;
		};
/* End PBXFrameworksBuildPhase section */

/* Begin PBXGroup section */
		279F3D3B136664CF5B0DB2D2 /* Frameworks */ = {
			isa = PBXGroup;
			children = (
				C12625E5F1EDF5073163CF40 /* Pods_SingleViewAppSwift2Template.framework */,
				9CB540D96874A2D8BCFFF26B /* Pods_SingleViewAppSwift2TemplateTests.framework */,
				CEE6574F4EA8684C81E8B369 /* Pods_SingleViewAppSwift2TemplateUITests.framework */,
			);
			name = Frameworks;
			sourceTree = "<group>";
		};
		5993DF3E3BB490121A3C09A0 /* Pods */ = {
			isa = PBXGroup;
			children = (
				28B7BF30455FA7BCE7900FF0 /* Pods-SingleViewAppSwift2Template.debug.xcconfig */,
				C48D2BB941CE4241ED213E4E /* Pods-SingleViewAppSwift2Template.release.xcconfig */,
				E989A68500FDD7D7B133D42C /* Pods-SingleViewAppSwift2TemplateTests.debug.xcconfig */,
				DA89F4EA3A1C845F284146D0 /* Pods-SingleViewAppSwift2TemplateTests.release.xcconfig */,
				B04E753A8ECFDF76F4342FCA /* Pods-SingleViewAppSwift2TemplateUITests.debug.xcconfig */,
				C78FC925C668B0881A686867 /* Pods-SingleViewAppSwift2TemplateUITests.release.xcconfig */,
			);
			name = Pods;
			sourceTree = "<group>";
		};
		8DC3C5A31D901AB50012AFF7 = {
			isa = PBXGroup;
			children = (
				8DC3C5AE1D901AB50012AFF7 /* SingleViewAppSwift2Template */,
				8DC3C5C31D901AB60012AFF7 /* SingleViewAppSwift2TemplateTests */,
				8DC3C5CE1D901AB60012AFF7 /* SingleViewAppSwift2TemplateUITests */,
				8DC3C5AD1D901AB50012AFF7 /* Products */,
				5993DF3E3BB490121A3C09A0 /* Pods */,
				279F3D3B136664CF5B0DB2D2 /* Frameworks */,
			);
			sourceTree = "<group>";
		};
		8DC3C5AD1D901AB50012AFF7 /* Products */ = {
			isa = PBXGroup;
			children = (
				8DC3C5AC1D901AB50012AFF7 /* SingleViewAppSwift2Template.app */,
				8DC3C5C01D901AB60012AFF7 /* SingleViewAppSwift2TemplateTests.xctest */,
				8DC3C5CB1D901AB60012AFF7 /* SingleViewAppSwift2TemplateUITests.xctest */,
			);
			name = Products;
			sourceTree = "<group>";
		};
		8DC3C5AE1D901AB50012AFF7 /* SingleViewAppSwift2Template */ = {
			isa = PBXGroup;
			children = (
				DEDFDD77210C79C90016B7D3 /* Networking */,
				DEDFDD6E210C69650016B7D3 /* View */,
				DEDFDD6B210C67F40016B7D3 /* Data Sources */,
				DEDFDD68210C67530016B7D3 /* Models */,
				8DC3C5AF1D901AB50012AFF7 /* AppDelegate.swift */,
				8DC3C5B31D901AB50012AFF7 /* Main.storyboard */,
				8DC3C5B61D901AB50012AFF7 /* Assets.xcassets */,
				8DC3C5B81D901AB50012AFF7 /* LaunchScreen.storyboard */,
				8DC3C5BB1D901AB50012AFF7 /* Info.plist */,
				DE6FC94A210B3AF000E0E79F /* Extensions */,
				DEDFDD67210C62BB0016B7D3 /* Controllers */,
			);
			path = SingleViewAppSwift2Template;
			sourceTree = "<group>";
		};
		8DC3C5C31D901AB60012AFF7 /* SingleViewAppSwift2TemplateTests */ = {
			isa = PBXGroup;
			children = (
				8DC3C5C41D901AB60012AFF7 /* SingleViewAppSwift2TemplateTests.swift */,
				8DC3C5C61D901AB60012AFF7 /* Info.plist */,
			);
			path = SingleViewAppSwift2TemplateTests;
			sourceTree = "<group>";
		};
		8DC3C5CE1D901AB60012AFF7 /* SingleViewAppSwift2TemplateUITests */ = {
			isa = PBXGroup;
			children = (
				8DC3C5CF1D901AB60012AFF7 /* SingleViewAppSwift2TemplateUITests.swift */,
				8DC3C5D11D901AB60012AFF7 /* Info.plist */,
			);
			path = SingleViewAppSwift2TemplateUITests;
			sourceTree = "<group>";
		};
		DE6FC94A210B3AF000E0E79F /* Extensions */ = {
			isa = PBXGroup;
			children = (
				DE6FC948210B3AEC00E0E79F /* Button.swift */,
			);
			path = Extensions;
			sourceTree = "<group>";
		};
		DEDFDD67210C62BB0016B7D3 /* Controllers */ = {
			isa = PBXGroup;
			children = (
				8DC3C5B11D901AB50012AFF7 /* ViewController.swift */,
				DEDFDD65210C62B40016B7D3 /* GenresTableViewController.swift */,
				DECA6B71210CC09200A9540D /* PeopleTableViewController.swift */,
				DE701EBA211302C40076B354 /* VoteTableViewController.swift */,
				DEA849252115F96300722E20 /* MoviesTableViewController.swift */,
			);
			path = Controllers;
			sourceTree = "<group>";
		};
		DEDFDD68210C67530016B7D3 /* Models */ = {
			isa = PBXGroup;
			children = (
				DEDFDD74210C734F0016B7D3 /* Endpoint */,
				DEDFDD69210C676A0016B7D3 /* Genre.swift */,
				DECA6B75210CC91700A9540D /* Person.swift */,
				DE701EB82112F1960076B354 /* Watcher.swift */,
				DEA849232115EA2F00722E20 /* Movie.swift */,
			);
			path = Models;
			sourceTree = "<group>";
		};
		DEDFDD6B210C67F40016B7D3 /* Data Sources */ = {
			isa = PBXGroup;
			children = (
				DEDFDD6C210C68B50016B7D3 /* GenresListDataSource.swift */,
				DECA6B73210CC6BD00A9540D /* PeopleListDataSource.swift */,
				DEA849272115F99100722E20 /* MoviesListDataSource.swift */,
			);
			path = "Data Sources";
			sourceTree = "<group>";
		};
		DEDFDD6E210C69650016B7D3 /* View */ = {
			isa = PBXGroup;
			children = (
				DEDFDD6F210C69AF0016B7D3 /* GenreCell.swift */,
				DECA6B77210CCA8600A9540D /* PersonCell.swift */,
				DEA849292115FAB500722E20 /* MovieCell.swift */,
			);
			path = View;
			sourceTree = "<group>";
		};
		DEDFDD74210C734F0016B7D3 /* Endpoint */ = {
			isa = PBXGroup;
			children = (
				DEDFDD75210C757E0016B7D3 /* Endpoint.swift */,
			);
			path = Endpoint;
			sourceTree = "<group>";
		};
		DEDFDD77210C79C90016B7D3 /* Networking */ = {
			isa = PBXGroup;
			children = (
				DEDFDD78210C7A660016B7D3 /* Response.swift */,
				DEDFDD7A210C8D200016B7D3 /* APIClient.swift */,
				DEDFDD7C210C8D3C0016B7D3 /* APIError.swift */,
				DEDFDD7E210C8DAD0016B7D3 /* MovieDBAPIClient.swift */,
			);
			path = Networking;
			sourceTree = "<group>";
		};
/* End PBXGroup section */

/* Begin PBXNativeTarget section */
		8DC3C5AB1D901AB50012AFF7 /* SingleViewAppSwift2Template */ = {
			isa = PBXNativeTarget;
			buildConfigurationList = 8DC3C5D41D901AB60012AFF7 /* Build configuration list for PBXNativeTarget "SingleViewAppSwift2Template" */;
			buildPhases = (
				8F80CADEF0E67DF1429CEC07 /* [CP] Check Pods Manifest.lock */,
				8DC3C5A81D901AB50012AFF7 /* Sources */,
				8DC3C5A91D901AB50012AFF7 /* Frameworks */,
				8DC3C5AA1D901AB50012AFF7 /* Resources */,
				A21061B709FA21C50BA50BC2 /* [CP] Embed Pods Frameworks */,
				4D8FA69DED6490CC291087F7 /* [CP] Copy Pods Resources */,
			);
			buildRules = (
			);
			dependencies = (
			);
			name = SingleViewAppSwift2Template;
			productName = SingleViewAppSwift2Template;
			productReference = 8DC3C5AC1D901AB50012AFF7 /* SingleViewAppSwift2Template.app */;
			productType = "com.apple.product-type.application";
		};
		8DC3C5BF1D901AB60012AFF7 /* SingleViewAppSwift2TemplateTests */ = {
			isa = PBXNativeTarget;
			buildConfigurationList = 8DC3C5D71D901AB60012AFF7 /* Build configuration list for PBXNativeTarget "SingleViewAppSwift2TemplateTests" */;
			buildPhases = (
				D8A930A991ED0D8E7C5E41E5 /* [CP] Check Pods Manifest.lock */,
				8DC3C5BC1D901AB60012AFF7 /* Sources */,
				8DC3C5BD1D901AB60012AFF7 /* Frameworks */,
				8DC3C5BE1D901AB60012AFF7 /* Resources */,
				291E3F290450FA6C4ECDBD27 /* [CP] Embed Pods Frameworks */,
				E30A8BC1BBB085C83739685A /* [CP] Copy Pods Resources */,
			);
			buildRules = (
			);
			dependencies = (
				8DC3C5C21D901AB60012AFF7 /* PBXTargetDependency */,
			);
			name = SingleViewAppSwift2TemplateTests;
			productName = SingleViewAppSwift2TemplateTests;
			productReference = 8DC3C5C01D901AB60012AFF7 /* SingleViewAppSwift2TemplateTests.xctest */;
			productType = "com.apple.product-type.bundle.unit-test";
		};
		8DC3C5CA1D901AB60012AFF7 /* SingleViewAppSwift2TemplateUITests */ = {
			isa = PBXNativeTarget;
			buildConfigurationList = 8DC3C5DA1D901AB60012AFF7 /* Build configuration list for PBXNativeTarget "SingleViewAppSwift2TemplateUITests" */;
			buildPhases = (
				684E5AC24F0DA941550EC3DF /* [CP] Check Pods Manifest.lock */,
				8DC3C5C71D901AB60012AFF7 /* Sources */,
				8DC3C5C81D901AB60012AFF7 /* Frameworks */,
				8DC3C5C91D901AB60012AFF7 /* Resources */,
				9BA02B64B0DF67DB646E3262 /* [CP] Embed Pods Frameworks */,
				A2DFA9550E1D1946154D1278 /* [CP] Copy Pods Resources */,
			);
			buildRules = (
			);
			dependencies = (
				8DC3C5CD1D901AB60012AFF7 /* PBXTargetDependency */,
			);
			name = SingleViewAppSwift2TemplateUITests;
			productName = SingleViewAppSwift2TemplateUITests;
			productReference = 8DC3C5CB1D901AB60012AFF7 /* SingleViewAppSwift2TemplateUITests.xctest */;
			productType = "com.apple.product-type.bundle.ui-testing";
		};
/* End PBXNativeTarget section */

/* Begin PBXProject section */
		8DC3C5A41D901AB50012AFF7 /* Project object */ = {
			isa = PBXProject;
			attributes = {
				LastSwiftUpdateCheck = 0730;
				LastUpgradeCheck = 0940;
				ORGANIZATIONNAME = Treehouse;
				TargetAttributes = {
					8DC3C5AB1D901AB50012AFF7 = {
						CreatedOnToolsVersion = 7.3.1;
						DevelopmentTeam = 4F55VCB57F;
					};
					8DC3C5BF1D901AB60012AFF7 = {
						CreatedOnToolsVersion = 7.3.1;
						TestTargetID = 8DC3C5AB1D901AB50012AFF7;
					};
					8DC3C5CA1D901AB60012AFF7 = {
						CreatedOnToolsVersion = 7.3.1;
						TestTargetID = 8DC3C5AB1D901AB50012AFF7;
					};
				};
			};
			buildConfigurationList = 8DC3C5A71D901AB50012AFF7 /* Build configuration list for PBXProject "SingleViewAppSwift2Template" */;
			compatibilityVersion = "Xcode 3.2";
			developmentRegion = English;
			hasScannedForEncodings = 0;
			knownRegions = (
				en,
				Base,
			);
			mainGroup = 8DC3C5A31D901AB50012AFF7;
			productRefGroup = 8DC3C5AD1D901AB50012AFF7 /* Products */;
			projectDirPath = "";
			projectRoot = "";
			targets = (
				8DC3C5AB1D901AB50012AFF7 /* SingleViewAppSwift2Template */,
				8DC3C5BF1D901AB60012AFF7 /* SingleViewAppSwift2TemplateTests */,
				8DC3C5CA1D901AB60012AFF7 /* SingleViewAppSwift2TemplateUITests */,
			);
		};
/* End PBXProject section */

/* Begin PBXResourcesBuildPhase section */
		8DC3C5AA1D901AB50012AFF7 /* Resources */ = {
			isa = PBXResourcesBuildPhase;
			buildActionMask = 2147483647;
			files = (
				8DC3C5BA1D901AB50012AFF7 /* LaunchScreen.storyboard in Resources */,
				8DC3C5B71D901AB50012AFF7 /* Assets.xcassets in Resources */,
				8DC3C5B51D901AB50012AFF7 /* Main.storyboard in Resources */,
			);
			runOnlyForDeploymentPostprocessing = 0;
		};
		8DC3C5BE1D901AB60012AFF7 /* Resources */ = {
			isa = PBXResourcesBuildPhase;
			buildActionMask = 2147483647;
			files = (
			);
			runOnlyForDeploymentPostprocessing = 0;
		};
		8DC3C5C91D901AB60012AFF7 /* Resources */ = {
			isa = PBXResourcesBuildPhase;
			buildActionMask = 2147483647;
			files = (
			);
			runOnlyForDeploymentPostprocessing = 0;
		};
/* End PBXResourcesBuildPhase section */

/* Begin PBXShellScriptBuildPhase section */
		291E3F290450FA6C4ECDBD27 /* [CP] Embed Pods Frameworks */ = {
			isa = PBXShellScriptBuildPhase;
			buildActionMask = 2147483647;
			files = (
			);
			inputPaths = (
			);
			name = "[CP] Embed Pods Frameworks";
			outputPaths = (
			);
			runOnlyForDeploymentPostprocessing = 0;
			shellPath = /bin/sh;
			shellScript = "\"${SRCROOT}/Pods/Target Support Files/Pods-SingleViewAppSwift2TemplateTests/Pods-SingleViewAppSwift2TemplateTests-frameworks.sh\"\n";
			showEnvVarsInLog = 0;
		};
		4D8FA69DED6490CC291087F7 /* [CP] Copy Pods Resources */ = {
			isa = PBXShellScriptBuildPhase;
			buildActionMask = 2147483647;
			files = (
			);
			inputPaths = (
			);
			name = "[CP] Copy Pods Resources";
			outputPaths = (
			);
			runOnlyForDeploymentPostprocessing = 0;
			shellPath = /bin/sh;
			shellScript = "\"${SRCROOT}/Pods/Target Support Files/Pods-SingleViewAppSwift2Template/Pods-SingleViewAppSwift2Template-resources.sh\"\n";
			showEnvVarsInLog = 0;
		};
		684E5AC24F0DA941550EC3DF /* [CP] Check Pods Manifest.lock */ = {
			isa = PBXShellScriptBuildPhase;
			buildActionMask = 2147483647;
			files = (
			);
			inputPaths = (
				"${PODS_PODFILE_DIR_PATH}/Podfile.lock",
				"${PODS_ROOT}/Manifest.lock",
			);
			name = "[CP] Check Pods Manifest.lock";
			outputPaths = (
				"$(DERIVED_FILE_DIR)/Pods-SingleViewAppSwift2TemplateUITests-checkManifestLockResult.txt",
			);
			runOnlyForDeploymentPostprocessing = 0;
			shellPath = /bin/sh;
			shellScript = "diff \"${PODS_PODFILE_DIR_PATH}/Podfile.lock\" \"${PODS_ROOT}/Manifest.lock\" > /dev/null\nif [ $? != 0 ] ; then\n    # print error to STDERR\n    echo \"error: The sandbox is not in sync with the Podfile.lock. Run 'pod install' or update your CocoaPods installation.\" >&2\n    exit 1\nfi\n# This output is used by Xcode 'outputs' to avoid re-running this script phase.\necho \"SUCCESS\" > \"${SCRIPT_OUTPUT_FILE_0}\"\n";
			showEnvVarsInLog = 0;
		};
		8F80CADEF0E67DF1429CEC07 /* [CP] Check Pods Manifest.lock */ = {
			isa = PBXShellScriptBuildPhase;
			buildActionMask = 2147483647;
			files = (
			);
			inputPaths = (
				"${PODS_PODFILE_DIR_PATH}/Podfile.lock",
				"${PODS_ROOT}/Manifest.lock",
			);
			name = "[CP] Check Pods Manifest.lock";
			outputPaths = (
				"$(DERIVED_FILE_DIR)/Pods-SingleViewAppSwift2Template-checkManifestLockResult.txt",
			);
			runOnlyForDeploymentPostprocessing = 0;
			shellPath = /bin/sh;
			shellScript = "diff \"${PODS_PODFILE_DIR_PATH}/Podfile.lock\" \"${PODS_ROOT}/Manifest.lock\" > /dev/null\nif [ $? != 0 ] ; then\n    # print error to STDERR\n    echo \"error: The sandbox is not in sync with the Podfile.lock. Run 'pod install' or update your CocoaPods installation.\" >&2\n    exit 1\nfi\n# This output is used by Xcode 'outputs' to avoid re-running this script phase.\necho \"SUCCESS\" > \"${SCRIPT_OUTPUT_FILE_0}\"\n";
			showEnvVarsInLog = 0;
		};
		9BA02B64B0DF67DB646E3262 /* [CP] Embed Pods Frameworks */ = {
			isa = PBXShellScriptBuildPhase;
			buildActionMask = 2147483647;
			files = (
			);
			inputPaths = (
			);
			name = "[CP] Embed Pods Frameworks";
			outputPaths = (
			);
			runOnlyForDeploymentPostprocessing = 0;
			shellPath = /bin/sh;
			shellScript = "\"${SRCROOT}/Pods/Target Support Files/Pods-SingleViewAppSwift2TemplateUITests/Pods-SingleViewAppSwift2TemplateUITests-frameworks.sh\"\n";
			showEnvVarsInLog = 0;
		};
		A21061B709FA21C50BA50BC2 /* [CP] Embed Pods Frameworks */ = {
			isa = PBXShellScriptBuildPhase;
			buildActionMask = 2147483647;
			files = (
			);
			inputPaths = (
				"${SRCROOT}/Pods/Target Support Files/Pods-SingleViewAppSwift2Template/Pods-SingleViewAppSwift2Template-frameworks.sh",
				"${BUILT_PRODUCTS_DIR}/Kingfisher/Kingfisher.framework",
			);
			name = "[CP] Embed Pods Frameworks";
			outputPaths = (
				"${TARGET_BUILD_DIR}/${FRAMEWORKS_FOLDER_PATH}/Kingfisher.framework",
			);
			runOnlyForDeploymentPostprocessing = 0;
			shellPath = /bin/sh;
			shellScript = "\"${SRCROOT}/Pods/Target Support Files/Pods-SingleViewAppSwift2Template/Pods-SingleViewAppSwift2Template-frameworks.sh\"\n";
			showEnvVarsInLog = 0;
		};
		A2DFA9550E1D1946154D1278 /* [CP] Copy Pods Resources */ = {
			isa = PBXShellScriptBuildPhase;
			buildActionMask = 2147483647;
			files = (
			);
			inputPaths = (
			);
			name = "[CP] Copy Pods Resources";
			outputPaths = (
			);
			runOnlyForDeploymentPostprocessing = 0;
			shellPath = /bin/sh;
			shellScript = "\"${SRCROOT}/Pods/Target Support Files/Pods-SingleViewAppSwift2TemplateUITests/Pods-SingleViewAppSwift2TemplateUITests-resources.sh\"\n";
			showEnvVarsInLog = 0;
		};
		D8A930A991ED0D8E7C5E41E5 /* [CP] Check Pods Manifest.lock */ = {
			isa = PBXShellScriptBuildPhase;
			buildActionMask = 2147483647;
			files = (
			);
			inputPaths = (
				"${PODS_PODFILE_DIR_PATH}/Podfile.lock",
				"${PODS_ROOT}/Manifest.lock",
			);
			name = "[CP] Check Pods Manifest.lock";
			outputPaths = (
				"$(DERIVED_FILE_DIR)/Pods-SingleViewAppSwift2TemplateTests-checkManifestLockResult.txt",
			);
			runOnlyForDeploymentPostprocessing = 0;
			shellPath = /bin/sh;
			shellScript = "diff \"${PODS_PODFILE_DIR_PATH}/Podfile.lock\" \"${PODS_ROOT}/Manifest.lock\" > /dev/null\nif [ $? != 0 ] ; then\n    # print error to STDERR\n    echo \"error: The sandbox is not in sync with the Podfile.lock. Run 'pod install' or update your CocoaPods installation.\" >&2\n    exit 1\nfi\n# This output is used by Xcode 'outputs' to avoid re-running this script phase.\necho \"SUCCESS\" > \"${SCRIPT_OUTPUT_FILE_0}\"\n";
			showEnvVarsInLog = 0;
		};
		E30A8BC1BBB085C83739685A /* [CP] Copy Pods Resources */ = {
			isa = PBXShellScriptBuildPhase;
			buildActionMask = 2147483647;
			files = (
			);
			inputPaths = (
			);
			name = "[CP] Copy Pods Resources";
			outputPaths = (
			);
			runOnlyForDeploymentPostprocessing = 0;
			shellPath = /bin/sh;
			shellScript = "\"${SRCROOT}/Pods/Target Support Files/Pods-SingleViewAppSwift2TemplateTests/Pods-SingleViewAppSwift2TemplateTests-resources.sh\"\n";
			showEnvVarsInLog = 0;
		};
/* End PBXShellScriptBuildPhase section */

/* Begin PBXSourcesBuildPhase section */
		8DC3C5A81D901AB50012AFF7 /* Sources */ = {
			isa = PBXSourcesBuildPhase;
			buildActionMask = 2147483647;
			files = (
				DEA8492A2115FAB500722E20 /* MovieCell.swift in Sources */,
				DE701EB92112F1960076B354 /* Watcher.swift in Sources */,
				DE701EBB211302C40076B354 /* VoteTableViewController.swift in Sources */,
				DEA849242115EA2F00722E20 /* Movie.swift in Sources */,
				DEDFDD76210C757E0016B7D3 /* Endpoint.swift in Sources */,
				DEDFDD6D210C68B50016B7D3 /* GenresListDataSource.swift in Sources */,
				8DC3C5B21D901AB50012AFF7 /* ViewController.swift in Sources */,
				DEDFDD70210C69AF0016B7D3 /* GenreCell.swift in Sources */,
				DEDFDD7D210C8D3C0016B7D3 /* APIError.swift in Sources */,
				DEA849262115F96300722E20 /* MoviesTableViewController.swift in Sources */,
				DEDFDD7B210C8D200016B7D3 /* APIClient.swift in Sources */,
				DECA6B76210CC91700A9540D /* Person.swift in Sources */,
				DEDFDD7F210C8DAD0016B7D3 /* MovieDBAPIClient.swift in Sources */,
				DEDFDD66210C62B40016B7D3 /* GenresTableViewController.swift in Sources */,
				DECA6B74210CC6BD00A9540D /* PeopleListDataSource.swift in Sources */,
				DEDFDD79210C7A660016B7D3 /* Response.swift in Sources */,
				DECA6B78210CCA8600A9540D /* PersonCell.swift in Sources */,
				DE6FC949210B3AEC00E0E79F /* Button.swift in Sources */,
				8DC3C5B01D901AB50012AFF7 /* AppDelegate.swift in Sources */,
				DECA6B72210CC09200A9540D /* PeopleTableViewController.swift in Sources */,
				DEDFDD6A210C676A0016B7D3 /* Genre.swift in Sources */,
				DEA849282115F99100722E20 /* MoviesListDataSource.swift in Sources */,
			);
			runOnlyForDeploymentPostprocessing = 0;
		};
		8DC3C5BC1D901AB60012AFF7 /* Sources */ = {
			isa = PBXSourcesBuildPhase;
			buildActionMask = 2147483647;
			files = (
				8DC3C5C51D901AB60012AFF7 /* SingleViewAppSwift2TemplateTests.swift in Sources */,
			);
			runOnlyForDeploymentPostprocessing = 0;
		};
		8DC3C5C71D901AB60012AFF7 /* Sources */ = {
			isa = PBXSourcesBuildPhase;
			buildActionMask = 2147483647;
			files = (
				8DC3C5D01D901AB60012AFF7 /* SingleViewAppSwift2TemplateUITests.swift in Sources */,
			);
			runOnlyForDeploymentPostprocessing = 0;
		};
/* End PBXSourcesBuildPhase section */

/* Begin PBXTargetDependency section */
		8DC3C5C21D901AB60012AFF7 /* PBXTargetDependency */ = {
			isa = PBXTargetDependency;
			target = 8DC3C5AB1D901AB50012AFF7 /* SingleViewAppSwift2Template */;
			targetProxy = 8DC3C5C11D901AB60012AFF7 /* PBXContainerItemProxy */;
		};
		8DC3C5CD1D901AB60012AFF7 /* PBXTargetDependency */ = {
			isa = PBXTargetDependency;
			target = 8DC3C5AB1D901AB50012AFF7 /* SingleViewAppSwift2Template */;
			targetProxy = 8DC3C5CC1D901AB60012AFF7 /* PBXContainerItemProxy */;
		};
/* End PBXTargetDependency section */

/* Begin PBXVariantGroup section */
		8DC3C5B31D901AB50012AFF7 /* Main.storyboard */ = {
			isa = PBXVariantGroup;
			children = (
				8DC3C5B41D901AB50012AFF7 /* Base */,
			);
			name = Main.storyboard;
			sourceTree = "<group>";
		};
		8DC3C5B81D901AB50012AFF7 /* LaunchScreen.storyboard */ = {
			isa = PBXVariantGroup;
			children = (
				8DC3C5B91D901AB50012AFF7 /* Base */,
			);
			name = LaunchScreen.storyboard;
			sourceTree = "<group>";
		};
/* End PBXVariantGroup section */

/* Begin XCBuildConfiguration section */
		8DC3C5D21D901AB60012AFF7 /* Debug */ = {
			isa = XCBuildConfiguration;
			buildSettings = {
				ALWAYS_SEARCH_USER_PATHS = NO;
				CLANG_ANALYZER_NONNULL = YES;
				CLANG_CXX_LANGUAGE_STANDARD = "gnu++0x";
				CLANG_CXX_LIBRARY = "libc++";
				CLANG_ENABLE_MODULES = YES;
				CLANG_ENABLE_OBJC_ARC = YES;
				CLANG_WARN_BLOCK_CAPTURE_AUTORELEASING = YES;
				CLANG_WARN_BOOL_CONVERSION = YES;
				CLANG_WARN_COMMA = YES;
				CLANG_WARN_CONSTANT_CONVERSION = YES;
				CLANG_WARN_DEPRECATED_OBJC_IMPLEMENTATIONS = YES;
				CLANG_WARN_DIRECT_OBJC_ISA_USAGE = YES_ERROR;
				CLANG_WARN_EMPTY_BODY = YES;
				CLANG_WARN_ENUM_CONVERSION = YES;
				CLANG_WARN_INFINITE_RECURSION = YES;
				CLANG_WARN_INT_CONVERSION = YES;
				CLANG_WARN_NON_LITERAL_NULL_CONVERSION = YES;
				CLANG_WARN_OBJC_IMPLICIT_RETAIN_SELF = YES;
				CLANG_WARN_OBJC_LITERAL_CONVERSION = YES;
				CLANG_WARN_OBJC_ROOT_CLASS = YES_ERROR;
				CLANG_WARN_RANGE_LOOP_ANALYSIS = YES;
				CLANG_WARN_STRICT_PROTOTYPES = YES;
				CLANG_WARN_SUSPICIOUS_MOVE = YES;
				CLANG_WARN_UNREACHABLE_CODE = YES;
				CLANG_WARN__DUPLICATE_METHOD_MATCH = YES;
				"CODE_SIGN_IDENTITY[sdk=iphoneos*]" = "iPhone Developer";
				COPY_PHASE_STRIP = NO;
				DEBUG_INFORMATION_FORMAT = dwarf;
				ENABLE_STRICT_OBJC_MSGSEND = YES;
				ENABLE_TESTABILITY = YES;
				GCC_C_LANGUAGE_STANDARD = gnu99;
				GCC_DYNAMIC_NO_PIC = NO;
				GCC_NO_COMMON_BLOCKS = YES;
				GCC_OPTIMIZATION_LEVEL = 0;
				GCC_PREPROCESSOR_DEFINITIONS = (
					"DEBUG=1",
					"$(inherited)",
				);
				GCC_WARN_64_TO_32_BIT_CONVERSION = YES;
				GCC_WARN_ABOUT_RETURN_TYPE = YES_ERROR;
				GCC_WARN_UNDECLARED_SELECTOR = YES;
				GCC_WARN_UNINITIALIZED_AUTOS = YES_AGGRESSIVE;
				GCC_WARN_UNUSED_FUNCTION = YES;
				GCC_WARN_UNUSED_VARIABLE = YES;
				IPHONEOS_DEPLOYMENT_TARGET = 9.3;
				MTL_ENABLE_DEBUG_INFO = YES;
				ONLY_ACTIVE_ARCH = YES;
				SDKROOT = iphoneos;
				SWIFT_OPTIMIZATION_LEVEL = "-Onone";
			};
			name = Debug;
		};
		8DC3C5D31D901AB60012AFF7 /* Release */ = {
			isa = XCBuildConfiguration;
			buildSettings = {
				ALWAYS_SEARCH_USER_PATHS = NO;
				CLANG_ANALYZER_NONNULL = YES;
				CLANG_CXX_LANGUAGE_STANDARD = "gnu++0x";
				CLANG_CXX_LIBRARY = "libc++";
				CLANG_ENABLE_MODULES = YES;
				CLANG_ENABLE_OBJC_ARC = YES;
				CLANG_WARN_BLOCK_CAPTURE_AUTORELEASING = YES;
				CLANG_WARN_BOOL_CONVERSION = YES;
				CLANG_WARN_COMMA = YES;
				CLANG_WARN_CONSTANT_CONVERSION = YES;
				CLANG_WARN_DEPRECATED_OBJC_IMPLEMENTATIONS = YES;
				CLANG_WARN_DIRECT_OBJC_ISA_USAGE = YES_ERROR;
				CLANG_WARN_EMPTY_BODY = YES;
				CLANG_WARN_ENUM_CONVERSION = YES;
				CLANG_WARN_INFINITE_RECURSION = YES;
				CLANG_WARN_INT_CONVERSION = YES;
				CLANG_WARN_NON_LITERAL_NULL_CONVERSION = YES;
				CLANG_WARN_OBJC_IMPLICIT_RETAIN_SELF = YES;
				CLANG_WARN_OBJC_LITERAL_CONVERSION = YES;
				CLANG_WARN_OBJC_ROOT_CLASS = YES_ERROR;
				CLANG_WARN_RANGE_LOOP_ANALYSIS = YES;
				CLANG_WARN_STRICT_PROTOTYPES = YES;
				CLANG_WARN_SUSPICIOUS_MOVE = YES;
				CLANG_WARN_UNREACHABLE_CODE = YES;
				CLANG_WARN__DUPLICATE_METHOD_MATCH = YES;
				"CODE_SIGN_IDENTITY[sdk=iphoneos*]" = "iPhone Developer";
				COPY_PHASE_STRIP = NO;
				DEBUG_INFORMATION_FORMAT = "dwarf-with-dsym";
				ENABLE_NS_ASSERTIONS = NO;
				ENABLE_STRICT_OBJC_MSGSEND = YES;
				GCC_C_LANGUAGE_STANDARD = gnu99;
				GCC_NO_COMMON_BLOCKS = YES;
				GCC_WARN_64_TO_32_BIT_CONVERSION = YES;
				GCC_WARN_ABOUT_RETURN_TYPE = YES_ERROR;
				GCC_WARN_UNDECLARED_SELECTOR = YES;
				GCC_WARN_UNINITIALIZED_AUTOS = YES_AGGRESSIVE;
				GCC_WARN_UNUSED_FUNCTION = YES;
				GCC_WARN_UNUSED_VARIABLE = YES;
				IPHONEOS_DEPLOYMENT_TARGET = 9.3;
				MTL_ENABLE_DEBUG_INFO = NO;
				SDKROOT = iphoneos;
				SWIFT_COMPILATION_MODE = wholemodule;
				VALIDATE_PRODUCT = YES;
			};
			name = Release;
		};
		8DC3C5D51D901AB60012AFF7 /* Debug */ = {
			isa = XCBuildConfiguration;
			baseConfigurationReference = 28B7BF30455FA7BCE7900FF0 /* Pods-SingleViewAppSwift2Template.debug.xcconfig */;
			buildSettings = {
				ASSETCATALOG_COMPILER_APPICON_NAME = AppIcon;
				DEVELOPMENT_TEAM = 4F55VCB57F;
				INFOPLIST_FILE = SingleViewAppSwift2Template/Info.plist;
				LD_RUNPATH_SEARCH_PATHS = "$(inherited) @executable_path/Frameworks";
				PRODUCT_BUNDLE_IDENTIFIER = com.teamtreehouse.SingleViewAppSwift2Template;
				PRODUCT_NAME = "$(TARGET_NAME)";
				SWIFT_VERSION = 4.0;
			};
			name = Debug;
		};
		8DC3C5D61D901AB60012AFF7 /* Release */ = {
			isa = XCBuildConfiguration;
			baseConfigurationReference = C48D2BB941CE4241ED213E4E /* Pods-SingleViewAppSwift2Template.release.xcconfig */;
			buildSettings = {
				ASSETCATALOG_COMPILER_APPICON_NAME = AppIcon;
				DEVELOPMENT_TEAM = 4F55VCB57F;
				INFOPLIST_FILE = SingleViewAppSwift2Template/Info.plist;
				LD_RUNPATH_SEARCH_PATHS = "$(inherited) @executable_path/Frameworks";
				PRODUCT_BUNDLE_IDENTIFIER = com.teamtreehouse.SingleViewAppSwift2Template;
				PRODUCT_NAME = "$(TARGET_NAME)";
				SWIFT_VERSION = 4.0;
			};
			name = Release;
		};
		8DC3C5D81D901AB60012AFF7 /* Debug */ = {
			isa = XCBuildConfiguration;
			baseConfigurationReference = E989A68500FDD7D7B133D42C /* Pods-SingleViewAppSwift2TemplateTests.debug.xcconfig */;
			buildSettings = {
				BUNDLE_LOADER = "$(TEST_HOST)";
				INFOPLIST_FILE = SingleViewAppSwift2TemplateTests/Info.plist;
				LD_RUNPATH_SEARCH_PATHS = "$(inherited) @executable_path/Frameworks @loader_path/Frameworks";
				PRODUCT_BUNDLE_IDENTIFIER = com.teamtreehouse.SingleViewAppSwift2TemplateTests;
				PRODUCT_NAME = "$(TARGET_NAME)";
				TEST_HOST = "$(BUILT_PRODUCTS_DIR)/SingleViewAppSwift2Template.app/SingleViewAppSwift2Template";
			};
			name = Debug;
		};
		8DC3C5D91D901AB60012AFF7 /* Release */ = {
			isa = XCBuildConfiguration;
			baseConfigurationReference = DA89F4EA3A1C845F284146D0 /* Pods-SingleViewAppSwift2TemplateTests.release.xcconfig */;
			buildSettings = {
				BUNDLE_LOADER = "$(TEST_HOST)";
				INFOPLIST_FILE = SingleViewAppSwift2TemplateTests/Info.plist;
				LD_RUNPATH_SEARCH_PATHS = "$(inherited) @executable_path/Frameworks @loader_path/Frameworks";
				PRODUCT_BUNDLE_IDENTIFIER = com.teamtreehouse.SingleViewAppSwift2TemplateTests;
				PRODUCT_NAME = "$(TARGET_NAME)";
				TEST_HOST = "$(BUILT_PRODUCTS_DIR)/SingleViewAppSwift2Template.app/SingleViewAppSwift2Template";
			};
			name = Release;
		};
		8DC3C5DB1D901AB60012AFF7 /* Debug */ = {
			isa = XCBuildConfiguration;
			baseConfigurationReference = B04E753A8ECFDF76F4342FCA /* Pods-SingleViewAppSwift2TemplateUITests.debug.xcconfig */;
			buildSettings = {
				INFOPLIST_FILE = SingleViewAppSwift2TemplateUITests/Info.plist;
				LD_RUNPATH_SEARCH_PATHS = "$(inherited) @executable_path/Frameworks @loader_path/Frameworks";
				PRODUCT_BUNDLE_IDENTIFIER = com.teamtreehouse.SingleViewAppSwift2TemplateUITests;
				PRODUCT_NAME = "$(TARGET_NAME)";
				TEST_TARGET_NAME = SingleViewAppSwift2Template;
			};
			name = Debug;
		};
		8DC3C5DC1D901AB60012AFF7 /* Release */ = {
			isa = XCBuildConfiguration;
			baseConfigurationReference = C78FC925C668B0881A686867 /* Pods-SingleViewAppSwift2TemplateUITests.release.xcconfig */;
			buildSettings = {
				INFOPLIST_FILE = SingleViewAppSwift2TemplateUITests/Info.plist;
				LD_RUNPATH_SEARCH_PATHS = "$(inherited) @executable_path/Frameworks @loader_path/Frameworks";
				PRODUCT_BUNDLE_IDENTIFIER = com.teamtreehouse.SingleViewAppSwift2TemplateUITests;
				PRODUCT_NAME = "$(TARGET_NAME)";
				TEST_TARGET_NAME = SingleViewAppSwift2Template;
			};
			name = Release;
		};
/* End XCBuildConfiguration section */

/* Begin XCConfigurationList section */
		8DC3C5A71D901AB50012AFF7 /* Build configuration list for PBXProject "SingleViewAppSwift2Template" */ = {
			isa = XCConfigurationList;
			buildConfigurations = (
				8DC3C5D21D901AB60012AFF7 /* Debug */,
				8DC3C5D31D901AB60012AFF7 /* Release */,
			);
			defaultConfigurationIsVisible = 0;
			defaultConfigurationName = Release;
		};
		8DC3C5D41D901AB60012AFF7 /* Build configuration list for PBXNativeTarget "SingleViewAppSwift2Template" */ = {
			isa = XCConfigurationList;
			buildConfigurations = (
				8DC3C5D51D901AB60012AFF7 /* Debug */,
				8DC3C5D61D901AB60012AFF7 /* Release */,
			);
			defaultConfigurationIsVisible = 0;
			defaultConfigurationName = Release;
		};
		8DC3C5D71D901AB60012AFF7 /* Build configuration list for PBXNativeTarget "SingleViewAppSwift2TemplateTests" */ = {
			isa = XCConfigurationList;
			buildConfigurations = (
				8DC3C5D81D901AB60012AFF7 /* Debug */,
				8DC3C5D91D901AB60012AFF7 /* Release */,
			);
			defaultConfigurationIsVisible = 0;
			defaultConfigurationName = Release;
		};
		8DC3C5DA1D901AB60012AFF7 /* Build configuration list for PBXNativeTarget "SingleViewAppSwift2TemplateUITests" */ = {
			isa = XCConfigurationList;
			buildConfigurations = (
				8DC3C5DB1D901AB60012AFF7 /* Debug */,
				8DC3C5DC1D901AB60012AFF7 /* Release */,
			);
			defaultConfigurationIsVisible = 0;
			defaultConfigurationName = Release;
		};
/* End XCConfigurationList section */
	};
	rootObject = 8DC3C5A41D901AB50012AFF7 /* Project object */;
}
